PODS:
  - BCUserTrack (5.1.0.9):
    - UTDID
  - UTDID (1.0.0)
  - wax (1.0.0)
  - ZipArchive (1.4.0)

DEPENDENCIES:
  - BCUserTrack
  - wax (from `https://github.com/alibaba/wax.git`)
  - ZipArchive (~> 1.4.0)

EXTERNAL SOURCES:
  wax:
    :git: https://github.com/alibaba/wax.git

CHECKOUT OPTIONS:
  wax:
    :commit: 5d4844bddf1763001d28df7edfd1b5ca131404c2
    :git: https://github.com/alibaba/wax.git

SPEC CHECKSUMS:
  BCUserTrack: 684f468b8143be7a2ed10a8c449fd959b2a3a099
  UTDID: 05c4737c8cf5c210e86d0235570816ed00e023e8
  wax: 336660568444d2d060dd69f0c493dc43b48505c5
  ZipArchive: e25a4373192673e3229ac8d6e9f64a3e5713c966

PODFILE CHECKSUM: c55fdede6854d15363f517d710a83e4708ff9197

COCOAPODS: 1.2.0.beta.1
